# This file is automatically @generated by Cargo.
# It is not intended for manual editing.
version = 3

[[package]]
name = "pkg-config"
version = "0.3.30"
source = "registry+https://github.com/rust-lang/crates.io-index"
checksum = "d231b230927b5e4ad203db57bbcbee2802f6bce620b1e4a9024a07d94e2907ec"

[[package]]
name = "rust_jsc"
version = "0.1.0"
dependencies = [
 "rust_jsc_macros",
 "rust_jsc_sys",
]

[[package]]
name = "rust_jsc_macros"
version = "0.1.0"

[[package]]
name = "rust_jsc_sys"
version = "0.1.0"
dependencies = [
 "pkg-config",
]
